
Microsoft Visual Studio Solution File, Format Version 12.00
# Visual Studio Version 17
VisualStudioVersion = 17.8.34330.188
MinimumVisualStudioVersion = 10.0.40219.1
Project("{FAE04EC0-301F-11D3-BF4B-00C04F79EFBC}") = "ConsoleApp3", "ConsoleApp3.csproj", "{26EB84C6-5842-47AB-A6F9-618DBDE9136A}"
EndProject
Global
	GlobalSection(SolutionConfigurationPlatforms) = preSolution
		Debug|Any CPU = Debug|Any CPU
		Release|Any CPU = Release|Any CPU
	EndGlobalSection
	GlobalSection(ProjectConfigurationPlatforms) = postSolution
		{26EB84C6-5842-47AB-A6F9-618DBDE9136A}.Debug|Any CPU.ActiveCfg = Debug|Any CPU
		{26EB84C6-5842-47AB-A6F9-618DBDE9136A}.Debug|Any CPU.Build.0 = Debug|Any CPU
		{26EB84C6-5842-47AB-A6F9-618DBDE9136A}.Release|Any CPU.ActiveCfg = Release|Any CPU
		{26EB84C6-5842-47AB-A6F9-618DBDE9136A}.Release|Any CPU.Build.0 = Release|Any CPU
	EndGlobalSection
	GlobalSection(SolutionProperties) = preSolution
		HideSolutionNode = FALSE
	EndGlobalSection
	GlobalSection(ExtensibilityGlobals) = postSolution
		SolutionGuid = {4F908D66-2147-4149-A2F1-1077CC17DE14}
	EndGlobalSection
EndGlobal
