
Microsoft Visual Studio Solution File, Format Version 12.00
# Visual Studio Version 17
VisualStudioVersion = 17.8.34330.188
MinimumVisualStudioVersion = 10.0.40219.1
Project("{FAE04EC0-301F-11D3-BF4B-00C04F79EFBC}") = "ConsoleApp5", "ConsoleApp5.csproj", "{0A33EB4F-02A1-40A9-9887-755A6F60EDE1}"
EndProject
Global
	GlobalSection(SolutionConfigurationPlatforms) = preSolution
		Debug|Any CPU = Debug|Any CPU
		Release|Any CPU = Release|Any CPU
	EndGlobalSection
	GlobalSection(ProjectConfigurationPlatforms) = postSolution
		{0A33EB4F-02A1-40A9-9887-755A6F60EDE1}.Debug|Any CPU.ActiveCfg = Debug|Any CPU
		{0A33EB4F-02A1-40A9-9887-755A6F60EDE1}.Debug|Any CPU.Build.0 = Debug|Any CPU
		{0A33EB4F-02A1-40A9-9887-755A6F60EDE1}.Release|Any CPU.ActiveCfg = Release|Any CPU
		{0A33EB4F-02A1-40A9-9887-755A6F60EDE1}.Release|Any CPU.Build.0 = Release|Any CPU
	EndGlobalSection
	GlobalSection(SolutionProperties) = preSolution
		HideSolutionNode = FALSE
	EndGlobalSection
	GlobalSection(ExtensibilityGlobals) = postSolution
		SolutionGuid = {DFE6B573-43B2-4FAD-B679-83D78E0D4236}
	EndGlobalSection
EndGlobal
